
Microsoft Visual Studio Solution File, Format Version 12.00
# Visual Studio Version 17
VisualStudioVersion = 17.2.32616.157
MinimumVisualStudioVersion = 10.0.40219.1
Project("{2150E333-8FDC-42A3-9474-1A3956D46DE8}") = "Level1", "Level1", "{FB3F2E0A-799D-4F3D-8C62-65A4F3A25B63}"
EndProject
Project("{8BC9CEB8-8B4A-11D0-8D11-00A0C91BC942}") = "0125 - 약수의합", "Level1\0125 - 약수의합\0125 - 약수의합.vcxproj", "{FFFCEC3B-4DF9-4C2E-BD4B-E1D7DE5E7900}"
EndProject
Project("{8BC9CEB8-8B4A-11D0-8D11-00A0C91BC942}") = "0125 - 평균 구하기", "Level1\0125 - 평균 구하기\0125 - 평균 구하기.vcxproj", "{61DC9FB6-9E6B-4A19-B6A4-82E2337F5E2B}"
EndProject
Project("{8BC9CEB8-8B4A-11D0-8D11-00A0C91BC942}") = "0125 - 짝수와 홀수", "Level1\0125 - 짝수와 홀수\0125 - 짝수와 홀수.vcxproj", "{A9C2CB5F-501A-49A3-B370-90AEE8A0CC36}"
EndProject
Project("{8BC9CEB8-8B4A-11D0-8D11-00A0C91BC942}") = "0125 - 자릿수 더하기", "Level1\0125 - 자릿수 더하기\0125 - 자릿수 더하기.vcxproj", "{5CC4005D-D04F-4F2A-9E53-C8FA1CA5F00B}"
EndProject
Project("{8BC9CEB8-8B4A-11D0-8D11-00A0C91BC942}") = "0125 - 자연수 뒤집어 배열로 만들기", "Level1\0125 - 자연수 뒤집어 배열로 만들기\0125 - 자연수 뒤집어 배열로 만들기.vcxproj", "{395051D0-20DE-4C78-BD78-9DF159217047}"
EndProject
Project("{8BC9CEB8-8B4A-11D0-8D11-00A0C91BC942}") = "0125 - 정수 제곱근 판별", "Level1\0125 - 정수 제곱근 판별\0125 - 정수 제곱근 판별.vcxproj", "{0CAA814A-8297-4851-BF3B-59C8A50C6C4E}"
EndProject
Project("{8BC9CEB8-8B4A-11D0-8D11-00A0C91BC942}") = "0125 - 문자열 내 p와 y의 개수", "Level1\0125 - 문자열 내 p와 y의 개수\0125 - 문자열 내 p와 y의 개수.vcxproj", "{5AD4C7C2-0662-4E2A-A646-3914832D3F02}"
EndProject
Project("{8BC9CEB8-8B4A-11D0-8D11-00A0C91BC942}") = "0125 - x만큼 간격이 있는 n개의 숫자", "Level1\0125 - x만큼 간격이 있는 n개의 숫자\0125 - x만큼 간격이 있는 n개의 숫자.vcxproj", "{64105A65-7209-443B-98BC-248012EF535F}"
EndProject
Project("{8BC9CEB8-8B4A-11D0-8D11-00A0C91BC942}") = "0126 - 문자열을 정수로 바꾸기", "Level1\0126 - 문자열을 정수로 바꾸기\0126 - 문자열을 정수로 바꾸기.vcxproj", "{EC26A841-4842-4E2F-8D3C-8387083A87F0}"
EndProject
Project("{8BC9CEB8-8B4A-11D0-8D11-00A0C91BC942}") = "0126 - 정수 내림차순으로 배치하기", "Level1\0126 - 정수 내림차순으로 배치하기\0126 - 정수 내림차순으로 배치하기.vcxproj", "{BD70F5E2-8217-4970-AB24-782D35F058AC}"
EndProject
Project("{8BC9CEB8-8B4A-11D0-8D11-00A0C91BC942}") = "0126 - 하샤드 수", "Level1\0126 - 하샤드 수\0126 - 하샤드 수.vcxproj", "{74A862C6-D0A3-437B-8212-1E2268FEA62F}"
EndProject
Project("{8BC9CEB8-8B4A-11D0-8D11-00A0C91BC942}") = "0126 - 나머지가 1이 되는 수 찾기", "Level1\0126 - 나머지가 1이 되는 수 찾기\0126 - 나머지가 1이 되는 수 찾기.vcxproj", "{B9262943-F13E-4AF1-9AED-816F7E527022}"
EndProject
Project("{8BC9CEB8-8B4A-11D0-8D11-00A0C91BC942}") = "0126 - 두 정수 사이의 합", "Level1\0126 - 두 정수 사이의 합\0126 - 두 정수 사이의 합.vcxproj", "{881819C9-6B22-41F4-A751-315920A6C742}"
EndProject
Project("{8BC9CEB8-8B4A-11D0-8D11-00A0C91BC942}") = "0126 - 콜라츠 추측", "Level1\0126 - 콜라츠 추측\0126 - 콜라츠 추측.vcxproj", "{10057A57-C791-4DD2-9375-D89B54B9C2BB}"
EndProject
Project("{8BC9CEB8-8B4A-11D0-8D11-00A0C91BC942}") = "0126 - 서울에서 김서방 찾기", "Level1\0126 - 서울에서 김서방 찾기\0126 - 서울에서 김서방 찾기.vcxproj", "{8046D75E-BB56-4D6B-8D64-E6F89A876F74}"
EndProject
Project("{8BC9CEB8-8B4A-11D0-8D11-00A0C91BC942}") = "0126 - 나누어 떨어지는 숫자 배열", "Level1\0126 - 나누어 떨어지는 숫자 배열\0126 - 나누어 떨어지는 숫자 배열.vcxproj", "{E77A00B1-1AF5-4163-9E0E-82F76D61FF51}"
EndProject
Project("{8BC9CEB8-8B4A-11D0-8D11-00A0C91BC942}") = "0126 - 핸드폰 번호 가리기", "Level1\0126 - 핸드폰 번호 가리기\0126 - 핸드폰 번호 가리기.vcxproj", "{796CD7DE-340D-496B-899C-4798F3E4A1D0}"
EndProject
Project("{8BC9CEB8-8B4A-11D0-8D11-00A0C91BC942}") = "0126 - 제일 작은 수 제거하기", "Level1\0126 - 제일 작은 수 제거하기\0126 - 제일 작은 수 제거하기.vcxproj", "{247AEDFF-14F0-45C6-9AE7-6064B57AB86F}"
EndProject
Project("{8BC9CEB8-8B4A-11D0-8D11-00A0C91BC942}") = "0126 - 음양 더하기", "Level1\0126 - 음양 더하기\0126 - 음양 더하기.vcxproj", "{9525218E-8788-4B47-A687-63C46F4544D7}"
EndProject
Project("{8BC9CEB8-8B4A-11D0-8D11-00A0C91BC942}") = "0126 - 없는 숫자 더하기", "Level1\0126 - 없는 숫자 더하기\0126 - 없는 숫자 더하기.vcxproj", "{DCA03ABB-D3BD-49CB-9296-B1105DFA94B7}"
EndProject
Project("{2150E333-8FDC-42A3-9474-1A3956D46DE8}") = "Level0", "Level0", "{701D8CA7-4FC1-4902-A5B3-7F419BADDFBC}"
EndProject
Project("{8BC9CEB8-8B4A-11D0-8D11-00A0C91BC942}") = "0130 - 옹알이(1)", "Level0\0130 - 옹알이(1)\0130 - 옹알이(1).vcxproj", "{8C9550F5-4969-49B9-AB42-20839C1B10AC}"
EndProject
Project("{8BC9CEB8-8B4A-11D0-8D11-00A0C91BC942}") = "0201 - 가운데 글자 가져오기", "Level1\0201 - 가운데 글자 가져오기\0201 - 가운데 글자 가져오기.vcxproj", "{BB78128A-35B6-4E58-AD5E-8D0F2E1752B4}"
EndProject
Project("{8BC9CEB8-8B4A-11D0-8D11-00A0C91BC942}") = "0201 - 수박수박수박수박수박수", "Level1\0201 - 수박수박수박수박수박수\0201 - 수박수박수박수박수박수.vcxproj", "{4BD0C2FE-4D12-4375-AEFA-F97250B194DB}"
EndProject
Project("{8BC9CEB8-8B4A-11D0-8D11-00A0C91BC942}") = "0201 - 내적", "Level1\0201 - 내적\0201 - 내적.vcxproj", "{14518605-580A-4AAD-88EE-E31AC2151BE7}"
EndProject
Project("{8BC9CEB8-8B4A-11D0-8D11-00A0C91BC942}") = "0202 - 문자열 내림차순으로 배치하기", "Level1\0202 - 문자열 내림차순으로 배치하기\0202 - 문자열 내림차순으로 배치하기.vcxproj", "{5A3BA25B-5D58-4966-B529-300DC7689C0F}"
EndProject
Project("{8BC9CEB8-8B4A-11D0-8D11-00A0C91BC942}") = "0202 - 약수의 개수와 덧셈", "Level1\0202 - 약수의 개수와 덧셈\0202 - 약수의 개수와 덧셈.vcxproj", "{108241CE-C5C4-4258-90B5-D9A5D6E42F43}"
EndProject
Project("{8BC9CEB8-8B4A-11D0-8D11-00A0C91BC942}") = "0202 - 문자열 다루기 기본", "Level1\0202 - 문자열 다루기 기본\0202 - 문자열 다루기 기본.vcxproj", "{312F8865-8135-427F-939C-B760C9F6BDC1}"
EndProject
Project("{8BC9CEB8-8B4A-11D0-8D11-00A0C91BC942}") = "0202 - 부족한 금액 계산하기", "Level1\0202 - 부족한 금액 계산하기\0202 - 부족한 금액 계산하기.vcxproj", "{6632801C-BA96-414D-9B56-D19AD7782D7C}"
EndProject
Project("{8BC9CEB8-8B4A-11D0-8D11-00A0C91BC942}") = "0202 - 행렬의 덧셈", "Level1\0202 - 행렬의 덧셈\0202 - 행렬의 덧셈.vcxproj", "{D3D0A4F3-B303-4AD6-9DE0-1CCC7420316B}"
EndProject
Project("{8BC9CEB8-8B4A-11D0-8D11-00A0C91BC942}") = "0202 - 둘만의 암호", "Level1\0202 - 둘만의 암호\0202 - 둘만의 암호.vcxproj", "{F59CF799-436B-4D69-8C5F-1786C4AE4F06}"
EndProject
Project("{8BC9CEB8-8B4A-11D0-8D11-00A0C91BC942}") = "0203 - 직사각형 별찍기", "Level1\0203 - 직사각형 별찍기\0203 - 직사각형 별찍기.vcxproj", "{3900C071-3FEF-4665-B1B2-B4EA614B4916}"
EndProject
Project("{8BC9CEB8-8B4A-11D0-8D11-00A0C91BC942}") = "0203 - 최대공약수와 최소공배수", "Level1\0203 - 최대공약수와 최소공배수\0203 - 최대공약수와 최소공배수.vcxproj", "{A56AEABF-76BD-4490-A3C8-EA3CA2B11AD5}"
EndProject
Project("{8BC9CEB8-8B4A-11D0-8D11-00A0C91BC942}") = "0203 - 신규 아이디 추천", "Level1\0203 - 신규 아이디 추천\0203 - 신규 아이디 추천.vcxproj", "{02FA2DF4-CB17-4AC4-9088-4D1A7C23ECA0}"
EndProject
Project("{8BC9CEB8-8B4A-11D0-8D11-00A0C91BC942}") = "0206 - 같은 숫자는 싫어", "Level1\0206 - 같은 숫자는 싫어\0206 - 같은 숫자는 싫어.vcxproj", "{B8E1BF4F-79CA-459B-B365-61536E4B0363}"
EndProject
Project("{8BC9CEB8-8B4A-11D0-8D11-00A0C91BC942}") = "0206 - 옹알이 (2)", "Level1\옹알이 (2)\옹알이 (2).vcxproj", "{CCD57D4A-9CD8-4B32-B210-02C9BE566E9E}"
EndProject
Project("{8BC9CEB8-8B4A-11D0-8D11-00A0C91BC942}") = "0207 - 3진법 뒤집기", "Level1\0207 - 3진법 뒤집기\0207 - 3진법 뒤집기.vcxproj", "{2089B476-B0F2-48AD-96D2-C58700212F1F}"
EndProject
Project("{8BC9CEB8-8B4A-11D0-8D11-00A0C91BC942}") = "0207 - 이상한 문자 만들기", "Level1\0207 - 이상한 문자 만들기\0207 - 이상한 문자 만들기.vcxproj", "{286F5006-AB4C-45A3-A894-A4101C2A47D2}"
EndProject
Project("{8BC9CEB8-8B4A-11D0-8D11-00A0C91BC942}") = "0209 - 예산", "Level1\0209 - 예산\0209 - 예산.vcxproj", "{63377F9E-0A6A-4ADB-9036-04C013A48B1A}"
EndProject
Project("{8BC9CEB8-8B4A-11D0-8D11-00A0C91BC942}") = "0210 - 시저 암호", "Level1\0210 - 시저 암호\0210 - 시저 암호.vcxproj", "{45E66338-9DA1-4CDE-80C2-61940444A6E5}"
EndProject
Project("{8BC9CEB8-8B4A-11D0-8D11-00A0C91BC942}") = "0210 - [카카오 인턴] 키패드 누르기", "Level1\0210 - [카카오 인턴] 키패드 누르기\0210 - [카카오 인턴] 키패드 누르기.vcxproj", "{74BC0083-B82D-440A-99AA-7C9EA33C9E33}"
EndProject
Project("{8BC9CEB8-8B4A-11D0-8D11-00A0C91BC942}") = "0213 - 신고 결과 받기", "Level1\0213 - 신고 결과 받기\0213 - 신고 결과 받기.vcxproj", "{7DD4F01A-B482-4862-AEB5-C1853645DDE5}"
EndProject
Project("{2150E333-8FDC-42A3-9474-1A3956D46DE8}") = "Level2", "Level2", "{12765615-0C74-4CD6-92A1-F513B2519F33}"
EndProject
Project("{8BC9CEB8-8B4A-11D0-8D11-00A0C91BC942}") = "0309 - 무인도 여행", "Level2\0309 - 무인도 여행\0309 - 무인도 여행.vcxproj", "{ADD6DA02-A6F7-461D-9ECA-9E917C2B1B0B}"
EndProject
Global
	GlobalSection(SolutionConfigurationPlatforms) = preSolution
		Debug|x64 = Debug|x64
		Debug|x86 = Debug|x86
		Release|x64 = Release|x64
		Release|x86 = Release|x86
	EndGlobalSection
	GlobalSection(ProjectConfigurationPlatforms) = postSolution
		{FFFCEC3B-4DF9-4C2E-BD4B-E1D7DE5E7900}.Debug|x64.ActiveCfg = Debug|x64
		{FFFCEC3B-4DF9-4C2E-BD4B-E1D7DE5E7900}.Debug|x64.Build.0 = Debug|x64
		{FFFCEC3B-4DF9-4C2E-BD4B-E1D7DE5E7900}.Debug|x86.ActiveCfg = Debug|Win32
		{FFFCEC3B-4DF9-4C2E-BD4B-E1D7DE5E7900}.Debug|x86.Build.0 = Debug|Win32
		{FFFCEC3B-4DF9-4C2E-BD4B-E1D7DE5E7900}.Release|x64.ActiveCfg = Release|x64
		{FFFCEC3B-4DF9-4C2E-BD4B-E1D7DE5E7900}.Release|x64.Build.0 = Release|x64
		{FFFCEC3B-4DF9-4C2E-BD4B-E1D7DE5E7900}.Release|x86.ActiveCfg = Release|Win32
		{FFFCEC3B-4DF9-4C2E-BD4B-E1D7DE5E7900}.Release|x86.Build.0 = Release|Win32
		{61DC9FB6-9E6B-4A19-B6A4-82E2337F5E2B}.Debug|x64.ActiveCfg = Debug|x64
		{61DC9FB6-9E6B-4A19-B6A4-82E2337F5E2B}.Debug|x64.Build.0 = Debug|x64
		{61DC9FB6-9E6B-4A19-B6A4-82E2337F5E2B}.Debug|x86.ActiveCfg = Debug|Win32
		{61DC9FB6-9E6B-4A19-B6A4-82E2337F5E2B}.Debug|x86.Build.0 = Debug|Win32
		{61DC9FB6-9E6B-4A19-B6A4-82E2337F5E2B}.Release|x64.ActiveCfg = Release|x64
		{61DC9FB6-9E6B-4A19-B6A4-82E2337F5E2B}.Release|x64.Build.0 = Release|x64
		{61DC9FB6-9E6B-4A19-B6A4-82E2337F5E2B}.Release|x86.ActiveCfg = Release|Win32
		{61DC9FB6-9E6B-4A19-B6A4-82E2337F5E2B}.Release|x86.Build.0 = Release|Win32
		{A9C2CB5F-501A-49A3-B370-90AEE8A0CC36}.Debug|x64.ActiveCfg = Debug|x64
		{A9C2CB5F-501A-49A3-B370-90AEE8A0CC36}.Debug|x64.Build.0 = Debug|x64
		{A9C2CB5F-501A-49A3-B370-90AEE8A0CC36}.Debug|x86.ActiveCfg = Debug|Win32
		{A9C2CB5F-501A-49A3-B370-90AEE8A0CC36}.Debug|x86.Build.0 = Debug|Win32
		{A9C2CB5F-501A-49A3-B370-90AEE8A0CC36}.Release|x64.ActiveCfg = Release|x64
		{A9C2CB5F-501A-49A3-B370-90AEE8A0CC36}.Release|x64.Build.0 = Release|x64
		{A9C2CB5F-501A-49A3-B370-90AEE8A0CC36}.Release|x86.ActiveCfg = Release|Win32
		{A9C2CB5F-501A-49A3-B370-90AEE8A0CC36}.Release|x86.Build.0 = Release|Win32
		{5CC4005D-D04F-4F2A-9E53-C8FA1CA5F00B}.Debug|x64.ActiveCfg = Debug|x64
		{5CC4005D-D04F-4F2A-9E53-C8FA1CA5F00B}.Debug|x64.Build.0 = Debug|x64
		{5CC4005D-D04F-4F2A-9E53-C8FA1CA5F00B}.Debug|x86.ActiveCfg = Debug|Win32
		{5CC4005D-D04F-4F2A-9E53-C8FA1CA5F00B}.Debug|x86.Build.0 = Debug|Win32
		{5CC4005D-D04F-4F2A-9E53-C8FA1CA5F00B}.Release|x64.ActiveCfg = Release|x64
		{5CC4005D-D04F-4F2A-9E53-C8FA1CA5F00B}.Release|x64.Build.0 = Release|x64
		{5CC4005D-D04F-4F2A-9E53-C8FA1CA5F00B}.Release|x86.ActiveCfg = Release|Win32
		{5CC4005D-D04F-4F2A-9E53-C8FA1CA5F00B}.Release|x86.Build.0 = Release|Win32
		{395051D0-20DE-4C78-BD78-9DF159217047}.Debug|x64.ActiveCfg = Debug|x64
		{395051D0-20DE-4C78-BD78-9DF159217047}.Debug|x64.Build.0 = Debug|x64
		{395051D0-20DE-4C78-BD78-9DF159217047}.Debug|x86.ActiveCfg = Debug|Win32
		{395051D0-20DE-4C78-BD78-9DF159217047}.Debug|x86.Build.0 = Debug|Win32
		{395051D0-20DE-4C78-BD78-9DF159217047}.Release|x64.ActiveCfg = Release|x64
		{395051D0-20DE-4C78-BD78-9DF159217047}.Release|x64.Build.0 = Release|x64
		{395051D0-20DE-4C78-BD78-9DF159217047}.Release|x86.ActiveCfg = Release|Win32
		{395051D0-20DE-4C78-BD78-9DF159217047}.Release|x86.Build.0 = Release|Win32
		{0CAA814A-8297-4851-BF3B-59C8A50C6C4E}.Debug|x64.ActiveCfg = Debug|x64
		{0CAA814A-8297-4851-BF3B-59C8A50C6C4E}.Debug|x64.Build.0 = Debug|x64
		{0CAA814A-8297-4851-BF3B-59C8A50C6C4E}.Debug|x86.ActiveCfg = Debug|Win32
		{0CAA814A-8297-4851-BF3B-59C8A50C6C4E}.Debug|x86.Build.0 = Debug|Win32
		{0CAA814A-8297-4851-BF3B-59C8A50C6C4E}.Release|x64.ActiveCfg = Release|x64
		{0CAA814A-8297-4851-BF3B-59C8A50C6C4E}.Release|x64.Build.0 = Release|x64
		{0CAA814A-8297-4851-BF3B-59C8A50C6C4E}.Release|x86.ActiveCfg = Release|Win32
		{0CAA814A-8297-4851-BF3B-59C8A50C6C4E}.Release|x86.Build.0 = Release|Win32
		{5AD4C7C2-0662-4E2A-A646-3914832D3F02}.Debug|x64.ActiveCfg = Debug|x64
		{5AD4C7C2-0662-4E2A-A646-3914832D3F02}.Debug|x64.Build.0 = Debug|x64
		{5AD4C7C2-0662-4E2A-A646-3914832D3F02}.Debug|x86.ActiveCfg = Debug|Win32
		{5AD4C7C2-0662-4E2A-A646-3914832D3F02}.Debug|x86.Build.0 = Debug|Win32
		{5AD4C7C2-0662-4E2A-A646-3914832D3F02}.Release|x64.ActiveCfg = Release|x64
		{5AD4C7C2-0662-4E2A-A646-3914832D3F02}.Release|x64.Build.0 = Release|x64
		{5AD4C7C2-0662-4E2A-A646-3914832D3F02}.Release|x86.ActiveCfg = Release|Win32
		{5AD4C7C2-0662-4E2A-A646-3914832D3F02}.Release|x86.Build.0 = Release|Win32
		{64105A65-7209-443B-98BC-248012EF535F}.Debug|x64.ActiveCfg = Debug|x64
		{64105A65-7209-443B-98BC-248012EF535F}.Debug|x64.Build.0 = Debug|x64
		{64105A65-7209-443B-98BC-248012EF535F}.Debug|x86.ActiveCfg = Debug|Win32
		{64105A65-7209-443B-98BC-248012EF535F}.Debug|x86.Build.0 = Debug|Win32
		{64105A65-7209-443B-98BC-248012EF535F}.Release|x64.ActiveCfg = Release|x64
		{64105A65-7209-443B-98BC-248012EF535F}.Release|x64.Build.0 = Release|x64
		{64105A65-7209-443B-98BC-248012EF535F}.Release|x86.ActiveCfg = Release|Win32
		{64105A65-7209-443B-98BC-248012EF535F}.Release|x86.Build.0 = Release|Win32
		{EC26A841-4842-4E2F-8D3C-8387083A87F0}.Debug|x64.ActiveCfg = Debug|x64
		{EC26A841-4842-4E2F-8D3C-8387083A87F0}.Debug|x64.Build.0 = Debug|x64
		{EC26A841-4842-4E2F-8D3C-8387083A87F0}.Debug|x86.ActiveCfg = Debug|Win32
		{EC26A841-4842-4E2F-8D3C-8387083A87F0}.Debug|x86.Build.0 = Debug|Win32
		{EC26A841-4842-4E2F-8D3C-8387083A87F0}.Release|x64.ActiveCfg = Release|x64
		{EC26A841-4842-4E2F-8D3C-8387083A87F0}.Release|x64.Build.0 = Release|x64
		{EC26A841-4842-4E2F-8D3C-8387083A87F0}.Release|x86.ActiveCfg = Release|Win32
		{EC26A841-4842-4E2F-8D3C-8387083A87F0}.Release|x86.Build.0 = Release|Win32
		{BD70F5E2-8217-4970-AB24-782D35F058AC}.Debug|x64.ActiveCfg = Debug|x64
		{BD70F5E2-8217-4970-AB24-782D35F058AC}.Debug|x64.Build.0 = Debug|x64
		{BD70F5E2-8217-4970-AB24-782D35F058AC}.Debug|x86.ActiveCfg = Debug|Win32
		{BD70F5E2-8217-4970-AB24-782D35F058AC}.Debug|x86.Build.0 = Debug|Win32
		{BD70F5E2-8217-4970-AB24-782D35F058AC}.Release|x64.ActiveCfg = Release|x64
		{BD70F5E2-8217-4970-AB24-782D35F058AC}.Release|x64.Build.0 = Release|x64
		{BD70F5E2-8217-4970-AB24-782D35F058AC}.Release|x86.ActiveCfg = Release|Win32
		{BD70F5E2-8217-4970-AB24-782D35F058AC}.Release|x86.Build.0 = Release|Win32
		{74A862C6-D0A3-437B-8212-1E2268FEA62F}.Debug|x64.ActiveCfg = Debug|x64
		{74A862C6-D0A3-437B-8212-1E2268FEA62F}.Debug|x64.Build.0 = Debug|x64
		{74A862C6-D0A3-437B-8212-1E2268FEA62F}.Debug|x86.ActiveCfg = Debug|Win32
		{74A862C6-D0A3-437B-8212-1E2268FEA62F}.Debug|x86.Build.0 = Debug|Win32
		{74A862C6-D0A3-437B-8212-1E2268FEA62F}.Release|x64.ActiveCfg = Release|x64
		{74A862C6-D0A3-437B-8212-1E2268FEA62F}.Release|x64.Build.0 = Release|x64
		{74A862C6-D0A3-437B-8212-1E2268FEA62F}.Release|x86.ActiveCfg = Release|Win32
		{74A862C6-D0A3-437B-8212-1E2268FEA62F}.Release|x86.Build.0 = Release|Win32
		{B9262943-F13E-4AF1-9AED-816F7E527022}.Debug|x64.ActiveCfg = Debug|x64
		{B9262943-F13E-4AF1-9AED-816F7E527022}.Debug|x64.Build.0 = Debug|x64
		{B9262943-F13E-4AF1-9AED-816F7E527022}.Debug|x86.ActiveCfg = Debug|Win32
		{B9262943-F13E-4AF1-9AED-816F7E527022}.Debug|x86.Build.0 = Debug|Win32
		{B9262943-F13E-4AF1-9AED-816F7E527022}.Release|x64.ActiveCfg = Release|x64
		{B9262943-F13E-4AF1-9AED-816F7E527022}.Release|x64.Build.0 = Release|x64
		{B9262943-F13E-4AF1-9AED-816F7E527022}.Release|x86.ActiveCfg = Release|Win32
		{B9262943-F13E-4AF1-9AED-816F7E527022}.Release|x86.Build.0 = Release|Win32
		{881819C9-6B22-41F4-A751-315920A6C742}.Debug|x64.ActiveCfg = Debug|x64
		{881819C9-6B22-41F4-A751-315920A6C742}.Debug|x64.Build.0 = Debug|x64
		{881819C9-6B22-41F4-A751-315920A6C742}.Debug|x86.ActiveCfg = Debug|Win32
		{881819C9-6B22-41F4-A751-315920A6C742}.Debug|x86.Build.0 = Debug|Win32
		{881819C9-6B22-41F4-A751-315920A6C742}.Release|x64.ActiveCfg = Release|x64
		{881819C9-6B22-41F4-A751-315920A6C742}.Release|x64.Build.0 = Release|x64
		{881819C9-6B22-41F4-A751-315920A6C742}.Release|x86.ActiveCfg = Release|Win32
		{881819C9-6B22-41F4-A751-315920A6C742}.Release|x86.Build.0 = Release|Win32
		{10057A57-C791-4DD2-9375-D89B54B9C2BB}.Debug|x64.ActiveCfg = Debug|x64
		{10057A57-C791-4DD2-9375-D89B54B9C2BB}.Debug|x64.Build.0 = Debug|x64
		{10057A57-C791-4DD2-9375-D89B54B9C2BB}.Debug|x86.ActiveCfg = Debug|Win32
		{10057A57-C791-4DD2-9375-D89B54B9C2BB}.Debug|x86.Build.0 = Debug|Win32
		{10057A57-C791-4DD2-9375-D89B54B9C2BB}.Release|x64.ActiveCfg = Release|x64
		{10057A57-C791-4DD2-9375-D89B54B9C2BB}.Release|x64.Build.0 = Release|x64
		{10057A57-C791-4DD2-9375-D89B54B9C2BB}.Release|x86.ActiveCfg = Release|Win32
		{10057A57-C791-4DD2-9375-D89B54B9C2BB}.Release|x86.Build.0 = Release|Win32
		{8046D75E-BB56-4D6B-8D64-E6F89A876F74}.Debug|x64.ActiveCfg = Debug|x64
		{8046D75E-BB56-4D6B-8D64-E6F89A876F74}.Debug|x64.Build.0 = Debug|x64
		{8046D75E-BB56-4D6B-8D64-E6F89A876F74}.Debug|x86.ActiveCfg = Debug|Win32
		{8046D75E-BB56-4D6B-8D64-E6F89A876F74}.Debug|x86.Build.0 = Debug|Win32
		{8046D75E-BB56-4D6B-8D64-E6F89A876F74}.Release|x64.ActiveCfg = Release|x64
		{8046D75E-BB56-4D6B-8D64-E6F89A876F74}.Release|x64.Build.0 = Release|x64
		{8046D75E-BB56-4D6B-8D64-E6F89A876F74}.Release|x86.ActiveCfg = Release|Win32
		{8046D75E-BB56-4D6B-8D64-E6F89A876F74}.Release|x86.Build.0 = Release|Win32
		{E77A00B1-1AF5-4163-9E0E-82F76D61FF51}.Debug|x64.ActiveCfg = Debug|x64
		{E77A00B1-1AF5-4163-9E0E-82F76D61FF51}.Debug|x64.Build.0 = Debug|x64
		{E77A00B1-1AF5-4163-9E0E-82F76D61FF51}.Debug|x86.ActiveCfg = Debug|Win32
		{E77A00B1-1AF5-4163-9E0E-82F76D61FF51}.Debug|x86.Build.0 = Debug|Win32
		{E77A00B1-1AF5-4163-9E0E-82F76D61FF51}.Release|x64.ActiveCfg = Release|x64
		{E77A00B1-1AF5-4163-9E0E-82F76D61FF51}.Release|x64.Build.0 = Release|x64
		{E77A00B1-1AF5-4163-9E0E-82F76D61FF51}.Release|x86.ActiveCfg = Release|Win32
		{E77A00B1-1AF5-4163-9E0E-82F76D61FF51}.Release|x86.Build.0 = Release|Win32
		{796CD7DE-340D-496B-899C-4798F3E4A1D0}.Debug|x64.ActiveCfg = Debug|x64
		{796CD7DE-340D-496B-899C-4798F3E4A1D0}.Debug|x64.Build.0 = Debug|x64
		{796CD7DE-340D-496B-899C-4798F3E4A1D0}.Debug|x86.ActiveCfg = Debug|Win32
		{796CD7DE-340D-496B-899C-4798F3E4A1D0}.Debug|x86.Build.0 = Debug|Win32
		{796CD7DE-340D-496B-899C-4798F3E4A1D0}.Release|x64.ActiveCfg = Release|x64
		{796CD7DE-340D-496B-899C-4798F3E4A1D0}.Release|x64.Build.0 = Release|x64
		{796CD7DE-340D-496B-899C-4798F3E4A1D0}.Release|x86.ActiveCfg = Release|Win32
		{796CD7DE-340D-496B-899C-4798F3E4A1D0}.Release|x86.Build.0 = Release|Win32
		{247AEDFF-14F0-45C6-9AE7-6064B57AB86F}.Debug|x64.ActiveCfg = Debug|x64
		{247AEDFF-14F0-45C6-9AE7-6064B57AB86F}.Debug|x64.Build.0 = Debug|x64
		{247AEDFF-14F0-45C6-9AE7-6064B57AB86F}.Debug|x86.ActiveCfg = Debug|Win32
		{247AEDFF-14F0-45C6-9AE7-6064B57AB86F}.Debug|x86.Build.0 = Debug|Win32
		{247AEDFF-14F0-45C6-9AE7-6064B57AB86F}.Release|x64.ActiveCfg = Release|x64
		{247AEDFF-14F0-45C6-9AE7-6064B57AB86F}.Release|x64.Build.0 = Release|x64
		{247AEDFF-14F0-45C6-9AE7-6064B57AB86F}.Release|x86.ActiveCfg = Release|Win32
		{247AEDFF-14F0-45C6-9AE7-6064B57AB86F}.Release|x86.Build.0 = Release|Win32
		{9525218E-8788-4B47-A687-63C46F4544D7}.Debug|x64.ActiveCfg = Debug|x64
		{9525218E-8788-4B47-A687-63C46F4544D7}.Debug|x64.Build.0 = Debug|x64
		{9525218E-8788-4B47-A687-63C46F4544D7}.Debug|x86.ActiveCfg = Debug|Win32
		{9525218E-8788-4B47-A687-63C46F4544D7}.Debug|x86.Build.0 = Debug|Win32
		{9525218E-8788-4B47-A687-63C46F4544D7}.Release|x64.ActiveCfg = Release|x64
		{9525218E-8788-4B47-A687-63C46F4544D7}.Release|x64.Build.0 = Release|x64
		{9525218E-8788-4B47-A687-63C46F4544D7}.Release|x86.ActiveCfg = Release|Win32
		{9525218E-8788-4B47-A687-63C46F4544D7}.Release|x86.Build.0 = Release|Win32
		{DCA03ABB-D3BD-49CB-9296-B1105DFA94B7}.Debug|x64.ActiveCfg = Debug|x64
		{DCA03ABB-D3BD-49CB-9296-B1105DFA94B7}.Debug|x64.Build.0 = Debug|x64
		{DCA03ABB-D3BD-49CB-9296-B1105DFA94B7}.Debug|x86.ActiveCfg = Debug|Win32
		{DCA03ABB-D3BD-49CB-9296-B1105DFA94B7}.Debug|x86.Build.0 = Debug|Win32
		{DCA03ABB-D3BD-49CB-9296-B1105DFA94B7}.Release|x64.ActiveCfg = Release|x64
		{DCA03ABB-D3BD-49CB-9296-B1105DFA94B7}.Release|x64.Build.0 = Release|x64
		{DCA03ABB-D3BD-49CB-9296-B1105DFA94B7}.Release|x86.ActiveCfg = Release|Win32
		{DCA03ABB-D3BD-49CB-9296-B1105DFA94B7}.Release|x86.Build.0 = Release|Win32
		{8C9550F5-4969-49B9-AB42-20839C1B10AC}.Debug|x64.ActiveCfg = Debug|x64
		{8C9550F5-4969-49B9-AB42-20839C1B10AC}.Debug|x64.Build.0 = Debug|x64
		{8C9550F5-4969-49B9-AB42-20839C1B10AC}.Debug|x86.ActiveCfg = Debug|Win32
		{8C9550F5-4969-49B9-AB42-20839C1B10AC}.Debug|x86.Build.0 = Debug|Win32
		{8C9550F5-4969-49B9-AB42-20839C1B10AC}.Release|x64.ActiveCfg = Release|x64
		{8C9550F5-4969-49B9-AB42-20839C1B10AC}.Release|x64.Build.0 = Release|x64
		{8C9550F5-4969-49B9-AB42-20839C1B10AC}.Release|x86.ActiveCfg = Release|Win32
		{8C9550F5-4969-49B9-AB42-20839C1B10AC}.Release|x86.Build.0 = Release|Win32
		{BB78128A-35B6-4E58-AD5E-8D0F2E1752B4}.Debug|x64.ActiveCfg = Debug|x64
		{BB78128A-35B6-4E58-AD5E-8D0F2E1752B4}.Debug|x64.Build.0 = Debug|x64
		{BB78128A-35B6-4E58-AD5E-8D0F2E1752B4}.Debug|x86.ActiveCfg = Debug|Win32
		{BB78128A-35B6-4E58-AD5E-8D0F2E1752B4}.Debug|x86.Build.0 = Debug|Win32
		{BB78128A-35B6-4E58-AD5E-8D0F2E1752B4}.Release|x64.ActiveCfg = Release|x64
		{BB78128A-35B6-4E58-AD5E-8D0F2E1752B4}.Release|x64.Build.0 = Release|x64
		{BB78128A-35B6-4E58-AD5E-8D0F2E1752B4}.Release|x86.ActiveCfg = Release|Win32
		{BB78128A-35B6-4E58-AD5E-8D0F2E1752B4}.Release|x86.Build.0 = Release|Win32
		{4BD0C2FE-4D12-4375-AEFA-F97250B194DB}.Debug|x64.ActiveCfg = Debug|x64
		{4BD0C2FE-4D12-4375-AEFA-F97250B194DB}.Debug|x64.Build.0 = Debug|x64
		{4BD0C2FE-4D12-4375-AEFA-F97250B194DB}.Debug|x86.ActiveCfg = Debug|Win32
		{4BD0C2FE-4D12-4375-AEFA-F97250B194DB}.Debug|x86.Build.0 = Debug|Win32
		{4BD0C2FE-4D12-4375-AEFA-F97250B194DB}.Release|x64.ActiveCfg = Release|x64
		{4BD0C2FE-4D12-4375-AEFA-F97250B194DB}.Release|x64.Build.0 = Release|x64
		{4BD0C2FE-4D12-4375-AEFA-F97250B194DB}.Release|x86.ActiveCfg = Release|Win32
		{4BD0C2FE-4D12-4375-AEFA-F97250B194DB}.Release|x86.Build.0 = Release|Win32
		{14518605-580A-4AAD-88EE-E31AC2151BE7}.Debug|x64.ActiveCfg = Debug|x64
		{14518605-580A-4AAD-88EE-E31AC2151BE7}.Debug|x64.Build.0 = Debug|x64
		{14518605-580A-4AAD-88EE-E31AC2151BE7}.Debug|x86.ActiveCfg = Debug|Win32
		{14518605-580A-4AAD-88EE-E31AC2151BE7}.Debug|x86.Build.0 = Debug|Win32
		{14518605-580A-4AAD-88EE-E31AC2151BE7}.Release|x64.ActiveCfg = Release|x64
		{14518605-580A-4AAD-88EE-E31AC2151BE7}.Release|x64.Build.0 = Release|x64
		{14518605-580A-4AAD-88EE-E31AC2151BE7}.Release|x86.ActiveCfg = Release|Win32
		{14518605-580A-4AAD-88EE-E31AC2151BE7}.Release|x86.Build.0 = Release|Win32
		{5A3BA25B-5D58-4966-B529-300DC7689C0F}.Debug|x64.ActiveCfg = Debug|x64
		{5A3BA25B-5D58-4966-B529-300DC7689C0F}.Debug|x64.Build.0 = Debug|x64
		{5A3BA25B-5D58-4966-B529-300DC7689C0F}.Debug|x86.ActiveCfg = Debug|Win32
		{5A3BA25B-5D58-4966-B529-300DC7689C0F}.Debug|x86.Build.0 = Debug|Win32
		{5A3BA25B-5D58-4966-B529-300DC7689C0F}.Release|x64.ActiveCfg = Release|x64
		{5A3BA25B-5D58-4966-B529-300DC7689C0F}.Release|x64.Build.0 = Release|x64
		{5A3BA25B-5D58-4966-B529-300DC7689C0F}.Release|x86.ActiveCfg = Release|Win32
		{5A3BA25B-5D58-4966-B529-300DC7689C0F}.Release|x86.Build.0 = Release|Win32
		{108241CE-C5C4-4258-90B5-D9A5D6E42F43}.Debug|x64.ActiveCfg = Debug|x64
		{108241CE-C5C4-4258-90B5-D9A5D6E42F43}.Debug|x64.Build.0 = Debug|x64
		{108241CE-C5C4-4258-90B5-D9A5D6E42F43}.Debug|x86.ActiveCfg = Debug|Win32
		{108241CE-C5C4-4258-90B5-D9A5D6E42F43}.Debug|x86.Build.0 = Debug|Win32
		{108241CE-C5C4-4258-90B5-D9A5D6E42F43}.Release|x64.ActiveCfg = Release|x64
		{108241CE-C5C4-4258-90B5-D9A5D6E42F43}.Release|x64.Build.0 = Release|x64
		{108241CE-C5C4-4258-90B5-D9A5D6E42F43}.Release|x86.ActiveCfg = Release|Win32
		{108241CE-C5C4-4258-90B5-D9A5D6E42F43}.Release|x86.Build.0 = Release|Win32
		{312F8865-8135-427F-939C-B760C9F6BDC1}.Debug|x64.ActiveCfg = Debug|x64
		{312F8865-8135-427F-939C-B760C9F6BDC1}.Debug|x64.Build.0 = Debug|x64
		{312F8865-8135-427F-939C-B760C9F6BDC1}.Debug|x86.ActiveCfg = Debug|Win32
		{312F8865-8135-427F-939C-B760C9F6BDC1}.Debug|x86.Build.0 = Debug|Win32
		{312F8865-8135-427F-939C-B760C9F6BDC1}.Release|x64.ActiveCfg = Release|x64
		{312F8865-8135-427F-939C-B760C9F6BDC1}.Release|x64.Build.0 = Release|x64
		{312F8865-8135-427F-939C-B760C9F6BDC1}.Release|x86.ActiveCfg = Release|Win32
		{312F8865-8135-427F-939C-B760C9F6BDC1}.Release|x86.Build.0 = Release|Win32
		{6632801C-BA96-414D-9B56-D19AD7782D7C}.Debug|x64.ActiveCfg = Debug|x64
		{6632801C-BA96-414D-9B56-D19AD7782D7C}.Debug|x64.Build.0 = Debug|x64
		{6632801C-BA96-414D-9B56-D19AD7782D7C}.Debug|x86.ActiveCfg = Debug|Win32
		{6632801C-BA96-414D-9B56-D19AD7782D7C}.Debug|x86.Build.0 = Debug|Win32
		{6632801C-BA96-414D-9B56-D19AD7782D7C}.Release|x64.ActiveCfg = Release|x64
		{6632801C-BA96-414D-9B56-D19AD7782D7C}.Release|x64.Build.0 = Release|x64
		{6632801C-BA96-414D-9B56-D19AD7782D7C}.Release|x86.ActiveCfg = Release|Win32
		{6632801C-BA96-414D-9B56-D19AD7782D7C}.Release|x86.Build.0 = Release|Win32
		{D3D0A4F3-B303-4AD6-9DE0-1CCC7420316B}.Debug|x64.ActiveCfg = Debug|x64
		{D3D0A4F3-B303-4AD6-9DE0-1CCC7420316B}.Debug|x64.Build.0 = Debug|x64
		{D3D0A4F3-B303-4AD6-9DE0-1CCC7420316B}.Debug|x86.ActiveCfg = Debug|Win32
		{D3D0A4F3-B303-4AD6-9DE0-1CCC7420316B}.Debug|x86.Build.0 = Debug|Win32
		{D3D0A4F3-B303-4AD6-9DE0-1CCC7420316B}.Release|x64.ActiveCfg = Release|x64
		{D3D0A4F3-B303-4AD6-9DE0-1CCC7420316B}.Release|x64.Build.0 = Release|x64
		{D3D0A4F3-B303-4AD6-9DE0-1CCC7420316B}.Release|x86.ActiveCfg = Release|Win32
		{D3D0A4F3-B303-4AD6-9DE0-1CCC7420316B}.Release|x86.Build.0 = Release|Win32
		{F59CF799-436B-4D69-8C5F-1786C4AE4F06}.Debug|x64.ActiveCfg = Debug|x64
		{F59CF799-436B-4D69-8C5F-1786C4AE4F06}.Debug|x64.Build.0 = Debug|x64
		{F59CF799-436B-4D69-8C5F-1786C4AE4F06}.Debug|x86.ActiveCfg = Debug|Win32
		{F59CF799-436B-4D69-8C5F-1786C4AE4F06}.Debug|x86.Build.0 = Debug|Win32
		{F59CF799-436B-4D69-8C5F-1786C4AE4F06}.Release|x64.ActiveCfg = Release|x64
		{F59CF799-436B-4D69-8C5F-1786C4AE4F06}.Release|x64.Build.0 = Release|x64
		{F59CF799-436B-4D69-8C5F-1786C4AE4F06}.Release|x86.ActiveCfg = Release|Win32
		{F59CF799-436B-4D69-8C5F-1786C4AE4F06}.Release|x86.Build.0 = Release|Win32
		{3900C071-3FEF-4665-B1B2-B4EA614B4916}.Debug|x64.ActiveCfg = Debug|x64
		{3900C071-3FEF-4665-B1B2-B4EA614B4916}.Debug|x64.Build.0 = Debug|x64
		{3900C071-3FEF-4665-B1B2-B4EA614B4916}.Debug|x86.ActiveCfg = Debug|Win32
		{3900C071-3FEF-4665-B1B2-B4EA614B4916}.Debug|x86.Build.0 = Debug|Win32
		{3900C071-3FEF-4665-B1B2-B4EA614B4916}.Release|x64.ActiveCfg = Release|x64
		{3900C071-3FEF-4665-B1B2-B4EA614B4916}.Release|x64.Build.0 = Release|x64
		{3900C071-3FEF-4665-B1B2-B4EA614B4916}.Release|x86.ActiveCfg = Release|Win32
		{3900C071-3FEF-4665-B1B2-B4EA614B4916}.Release|x86.Build.0 = Release|Win32
		{A56AEABF-76BD-4490-A3C8-EA3CA2B11AD5}.Debug|x64.ActiveCfg = Debug|x64
		{A56AEABF-76BD-4490-A3C8-EA3CA2B11AD5}.Debug|x64.Build.0 = Debug|x64
		{A56AEABF-76BD-4490-A3C8-EA3CA2B11AD5}.Debug|x86.ActiveCfg = Debug|Win32
		{A56AEABF-76BD-4490-A3C8-EA3CA2B11AD5}.Debug|x86.Build.0 = Debug|Win32
		{A56AEABF-76BD-4490-A3C8-EA3CA2B11AD5}.Release|x64.ActiveCfg = Release|x64
		{A56AEABF-76BD-4490-A3C8-EA3CA2B11AD5}.Release|x64.Build.0 = Release|x64
		{A56AEABF-76BD-4490-A3C8-EA3CA2B11AD5}.Release|x86.ActiveCfg = Release|Win32
		{A56AEABF-76BD-4490-A3C8-EA3CA2B11AD5}.Release|x86.Build.0 = Release|Win32
		{02FA2DF4-CB17-4AC4-9088-4D1A7C23ECA0}.Debug|x64.ActiveCfg = Debug|x64
		{02FA2DF4-CB17-4AC4-9088-4D1A7C23ECA0}.Debug|x64.Build.0 = Debug|x64
		{02FA2DF4-CB17-4AC4-9088-4D1A7C23ECA0}.Debug|x86.ActiveCfg = Debug|Win32
		{02FA2DF4-CB17-4AC4-9088-4D1A7C23ECA0}.Debug|x86.Build.0 = Debug|Win32
		{02FA2DF4-CB17-4AC4-9088-4D1A7C23ECA0}.Release|x64.ActiveCfg = Release|x64
		{02FA2DF4-CB17-4AC4-9088-4D1A7C23ECA0}.Release|x64.Build.0 = Release|x64
		{02FA2DF4-CB17-4AC4-9088-4D1A7C23ECA0}.Release|x86.ActiveCfg = Release|Win32
		{02FA2DF4-CB17-4AC4-9088-4D1A7C23ECA0}.Release|x86.Build.0 = Release|Win32
		{B8E1BF4F-79CA-459B-B365-61536E4B0363}.Debug|x64.ActiveCfg = Debug|x64
		{B8E1BF4F-79CA-459B-B365-61536E4B0363}.Debug|x64.Build.0 = Debug|x64
		{B8E1BF4F-79CA-459B-B365-61536E4B0363}.Debug|x86.ActiveCfg = Debug|Win32
		{B8E1BF4F-79CA-459B-B365-61536E4B0363}.Debug|x86.Build.0 = Debug|Win32
		{B8E1BF4F-79CA-459B-B365-61536E4B0363}.Release|x64.ActiveCfg = Release|x64
		{B8E1BF4F-79CA-459B-B365-61536E4B0363}.Release|x64.Build.0 = Release|x64
		{B8E1BF4F-79CA-459B-B365-61536E4B0363}.Release|x86.ActiveCfg = Release|Win32
		{B8E1BF4F-79CA-459B-B365-61536E4B0363}.Release|x86.Build.0 = Release|Win32
		{CCD57D4A-9CD8-4B32-B210-02C9BE566E9E}.Debug|x64.ActiveCfg = Debug|x64
		{CCD57D4A-9CD8-4B32-B210-02C9BE566E9E}.Debug|x64.Build.0 = Debug|x64
		{CCD57D4A-9CD8-4B32-B210-02C9BE566E9E}.Debug|x86.ActiveCfg = Debug|Win32
		{CCD57D4A-9CD8-4B32-B210-02C9BE566E9E}.Debug|x86.Build.0 = Debug|Win32
		{CCD57D4A-9CD8-4B32-B210-02C9BE566E9E}.Release|x64.ActiveCfg = Release|x64
		{CCD57D4A-9CD8-4B32-B210-02C9BE566E9E}.Release|x64.Build.0 = Release|x64
		{CCD57D4A-9CD8-4B32-B210-02C9BE566E9E}.Release|x86.ActiveCfg = Release|Win32
		{CCD57D4A-9CD8-4B32-B210-02C9BE566E9E}.Release|x86.Build.0 = Release|Win32
		{2089B476-B0F2-48AD-96D2-C58700212F1F}.Debug|x64.ActiveCfg = Debug|x64
		{2089B476-B0F2-48AD-96D2-C58700212F1F}.Debug|x64.Build.0 = Debug|x64
		{2089B476-B0F2-48AD-96D2-C58700212F1F}.Debug|x86.ActiveCfg = Debug|Win32
		{2089B476-B0F2-48AD-96D2-C58700212F1F}.Debug|x86.Build.0 = Debug|Win32
		{2089B476-B0F2-48AD-96D2-C58700212F1F}.Release|x64.ActiveCfg = Release|x64
		{2089B476-B0F2-48AD-96D2-C58700212F1F}.Release|x64.Build.0 = Release|x64
		{2089B476-B0F2-48AD-96D2-C58700212F1F}.Release|x86.ActiveCfg = Release|Win32
		{2089B476-B0F2-48AD-96D2-C58700212F1F}.Release|x86.Build.0 = Release|Win32
		{286F5006-AB4C-45A3-A894-A4101C2A47D2}.Debug|x64.ActiveCfg = Debug|x64
		{286F5006-AB4C-45A3-A894-A4101C2A47D2}.Debug|x64.Build.0 = Debug|x64
		{286F5006-AB4C-45A3-A894-A4101C2A47D2}.Debug|x86.ActiveCfg = Debug|Win32
		{286F5006-AB4C-45A3-A894-A4101C2A47D2}.Debug|x86.Build.0 = Debug|Win32
		{286F5006-AB4C-45A3-A894-A4101C2A47D2}.Release|x64.ActiveCfg = Release|x64
		{286F5006-AB4C-45A3-A894-A4101C2A47D2}.Release|x64.Build.0 = Release|x64
		{286F5006-AB4C-45A3-A894-A4101C2A47D2}.Release|x86.ActiveCfg = Release|Win32
		{286F5006-AB4C-45A3-A894-A4101C2A47D2}.Release|x86.Build.0 = Release|Win32
		{63377F9E-0A6A-4ADB-9036-04C013A48B1A}.Debug|x64.ActiveCfg = Debug|x64
		{63377F9E-0A6A-4ADB-9036-04C013A48B1A}.Debug|x64.Build.0 = Debug|x64
		{63377F9E-0A6A-4ADB-9036-04C013A48B1A}.Debug|x86.ActiveCfg = Debug|Win32
		{63377F9E-0A6A-4ADB-9036-04C013A48B1A}.Debug|x86.Build.0 = Debug|Win32
		{63377F9E-0A6A-4ADB-9036-04C013A48B1A}.Release|x64.ActiveCfg = Release|x64
		{63377F9E-0A6A-4ADB-9036-04C013A48B1A}.Release|x64.Build.0 = Release|x64
		{63377F9E-0A6A-4ADB-9036-04C013A48B1A}.Release|x86.ActiveCfg = Release|Win32
		{63377F9E-0A6A-4ADB-9036-04C013A48B1A}.Release|x86.Build.0 = Release|Win32
		{45E66338-9DA1-4CDE-80C2-61940444A6E5}.Debug|x64.ActiveCfg = Debug|x64
		{45E66338-9DA1-4CDE-80C2-61940444A6E5}.Debug|x64.Build.0 = Debug|x64
		{45E66338-9DA1-4CDE-80C2-61940444A6E5}.Debug|x86.ActiveCfg = Debug|Win32
		{45E66338-9DA1-4CDE-80C2-61940444A6E5}.Debug|x86.Build.0 = Debug|Win32
		{45E66338-9DA1-4CDE-80C2-61940444A6E5}.Release|x64.ActiveCfg = Release|x64
		{45E66338-9DA1-4CDE-80C2-61940444A6E5}.Release|x64.Build.0 = Release|x64
		{45E66338-9DA1-4CDE-80C2-61940444A6E5}.Release|x86.ActiveCfg = Release|Win32
		{45E66338-9DA1-4CDE-80C2-61940444A6E5}.Release|x86.Build.0 = Release|Win32
		{74BC0083-B82D-440A-99AA-7C9EA33C9E33}.Debug|x64.ActiveCfg = Debug|x64
		{74BC0083-B82D-440A-99AA-7C9EA33C9E33}.Debug|x64.Build.0 = Debug|x64
		{74BC0083-B82D-440A-99AA-7C9EA33C9E33}.Debug|x86.ActiveCfg = Debug|Win32
		{74BC0083-B82D-440A-99AA-7C9EA33C9E33}.Debug|x86.Build.0 = Debug|Win32
		{74BC0083-B82D-440A-99AA-7C9EA33C9E33}.Release|x64.ActiveCfg = Release|x64
		{74BC0083-B82D-440A-99AA-7C9EA33C9E33}.Release|x64.Build.0 = Release|x64
		{74BC0083-B82D-440A-99AA-7C9EA33C9E33}.Release|x86.ActiveCfg = Release|Win32
		{74BC0083-B82D-440A-99AA-7C9EA33C9E33}.Release|x86.Build.0 = Release|Win32
		{7DD4F01A-B482-4862-AEB5-C1853645DDE5}.Debug|x64.ActiveCfg = Debug|x64
		{7DD4F01A-B482-4862-AEB5-C1853645DDE5}.Debug|x64.Build.0 = Debug|x64
		{7DD4F01A-B482-4862-AEB5-C1853645DDE5}.Debug|x86.ActiveCfg = Debug|Win32
		{7DD4F01A-B482-4862-AEB5-C1853645DDE5}.Debug|x86.Build.0 = Debug|Win32
		{7DD4F01A-B482-4862-AEB5-C1853645DDE5}.Release|x64.ActiveCfg = Release|x64
		{7DD4F01A-B482-4862-AEB5-C1853645DDE5}.Release|x64.Build.0 = Release|x64
		{7DD4F01A-B482-4862-AEB5-C1853645DDE5}.Release|x86.ActiveCfg = Release|Win32
		{7DD4F01A-B482-4862-AEB5-C1853645DDE5}.Release|x86.Build.0 = Release|Win32
		{ADD6DA02-A6F7-461D-9ECA-9E917C2B1B0B}.Debug|x64.ActiveCfg = Debug|x64
		{ADD6DA02-A6F7-461D-9ECA-9E917C2B1B0B}.Debug|x64.Build.0 = Debug|x64
		{ADD6DA02-A6F7-461D-9ECA-9E917C2B1B0B}.Debug|x86.ActiveCfg = Debug|Win32
		{ADD6DA02-A6F7-461D-9ECA-9E917C2B1B0B}.Debug|x86.Build.0 = Debug|Win32
		{ADD6DA02-A6F7-461D-9ECA-9E917C2B1B0B}.Release|x64.ActiveCfg = Release|x64
		{ADD6DA02-A6F7-461D-9ECA-9E917C2B1B0B}.Release|x64.Build.0 = Release|x64
		{ADD6DA02-A6F7-461D-9ECA-9E917C2B1B0B}.Release|x86.ActiveCfg = Release|Win32
		{ADD6DA02-A6F7-461D-9ECA-9E917C2B1B0B}.Release|x86.Build.0 = Release|Win32
	EndGlobalSection
	GlobalSection(SolutionProperties) = preSolution
		HideSolutionNode = FALSE
	EndGlobalSection
	GlobalSection(NestedProjects) = preSolution
		{FFFCEC3B-4DF9-4C2E-BD4B-E1D7DE5E7900} = {FB3F2E0A-799D-4F3D-8C62-65A4F3A25B63}
		{61DC9FB6-9E6B-4A19-B6A4-82E2337F5E2B} = {FB3F2E0A-799D-4F3D-8C62-65A4F3A25B63}
		{A9C2CB5F-501A-49A3-B370-90AEE8A0CC36} = {FB3F2E0A-799D-4F3D-8C62-65A4F3A25B63}
		{5CC4005D-D04F-4F2A-9E53-C8FA1CA5F00B} = {FB3F2E0A-799D-4F3D-8C62-65A4F3A25B63}
		{395051D0-20DE-4C78-BD78-9DF159217047} = {FB3F2E0A-799D-4F3D-8C62-65A4F3A25B63}
		{0CAA814A-8297-4851-BF3B-59C8A50C6C4E} = {FB3F2E0A-799D-4F3D-8C62-65A4F3A25B63}
		{5AD4C7C2-0662-4E2A-A646-3914832D3F02} = {FB3F2E0A-799D-4F3D-8C62-65A4F3A25B63}
		{64105A65-7209-443B-98BC-248012EF535F} = {FB3F2E0A-799D-4F3D-8C62-65A4F3A25B63}
		{EC26A841-4842-4E2F-8D3C-8387083A87F0} = {FB3F2E0A-799D-4F3D-8C62-65A4F3A25B63}
		{BD70F5E2-8217-4970-AB24-782D35F058AC} = {FB3F2E0A-799D-4F3D-8C62-65A4F3A25B63}
		{74A862C6-D0A3-437B-8212-1E2268FEA62F} = {FB3F2E0A-799D-4F3D-8C62-65A4F3A25B63}
		{B9262943-F13E-4AF1-9AED-816F7E527022} = {FB3F2E0A-799D-4F3D-8C62-65A4F3A25B63}
		{881819C9-6B22-41F4-A751-315920A6C742} = {FB3F2E0A-799D-4F3D-8C62-65A4F3A25B63}
		{10057A57-C791-4DD2-9375-D89B54B9C2BB} = {FB3F2E0A-799D-4F3D-8C62-65A4F3A25B63}
		{8046D75E-BB56-4D6B-8D64-E6F89A876F74} = {FB3F2E0A-799D-4F3D-8C62-65A4F3A25B63}
		{E77A00B1-1AF5-4163-9E0E-82F76D61FF51} = {FB3F2E0A-799D-4F3D-8C62-65A4F3A25B63}
		{796CD7DE-340D-496B-899C-4798F3E4A1D0} = {FB3F2E0A-799D-4F3D-8C62-65A4F3A25B63}
		{247AEDFF-14F0-45C6-9AE7-6064B57AB86F} = {FB3F2E0A-799D-4F3D-8C62-65A4F3A25B63}
		{9525218E-8788-4B47-A687-63C46F4544D7} = {FB3F2E0A-799D-4F3D-8C62-65A4F3A25B63}
		{DCA03ABB-D3BD-49CB-9296-B1105DFA94B7} = {FB3F2E0A-799D-4F3D-8C62-65A4F3A25B63}
		{8C9550F5-4969-49B9-AB42-20839C1B10AC} = {701D8CA7-4FC1-4902-A5B3-7F419BADDFBC}
		{BB78128A-35B6-4E58-AD5E-8D0F2E1752B4} = {FB3F2E0A-799D-4F3D-8C62-65A4F3A25B63}
		{4BD0C2FE-4D12-4375-AEFA-F97250B194DB} = {FB3F2E0A-799D-4F3D-8C62-65A4F3A25B63}
		{14518605-580A-4AAD-88EE-E31AC2151BE7} = {FB3F2E0A-799D-4F3D-8C62-65A4F3A25B63}
		{5A3BA25B-5D58-4966-B529-300DC7689C0F} = {FB3F2E0A-799D-4F3D-8C62-65A4F3A25B63}
		{108241CE-C5C4-4258-90B5-D9A5D6E42F43} = {FB3F2E0A-799D-4F3D-8C62-65A4F3A25B63}
		{312F8865-8135-427F-939C-B760C9F6BDC1} = {FB3F2E0A-799D-4F3D-8C62-65A4F3A25B63}
		{6632801C-BA96-414D-9B56-D19AD7782D7C} = {FB3F2E0A-799D-4F3D-8C62-65A4F3A25B63}
		{D3D0A4F3-B303-4AD6-9DE0-1CCC7420316B} = {FB3F2E0A-799D-4F3D-8C62-65A4F3A25B63}
		{F59CF799-436B-4D69-8C5F-1786C4AE4F06} = {FB3F2E0A-799D-4F3D-8C62-65A4F3A25B63}
		{3900C071-3FEF-4665-B1B2-B4EA614B4916} = {FB3F2E0A-799D-4F3D-8C62-65A4F3A25B63}
		{A56AEABF-76BD-4490-A3C8-EA3CA2B11AD5} = {FB3F2E0A-799D-4F3D-8C62-65A4F3A25B63}
		{02FA2DF4-CB17-4AC4-9088-4D1A7C23ECA0} = {FB3F2E0A-799D-4F3D-8C62-65A4F3A25B63}
		{B8E1BF4F-79CA-459B-B365-61536E4B0363} = {FB3F2E0A-799D-4F3D-8C62-65A4F3A25B63}
		{CCD57D4A-9CD8-4B32-B210-02C9BE566E9E} = {FB3F2E0A-799D-4F3D-8C62-65A4F3A25B63}
		{2089B476-B0F2-48AD-96D2-C58700212F1F} = {FB3F2E0A-799D-4F3D-8C62-65A4F3A25B63}
		{286F5006-AB4C-45A3-A894-A4101C2A47D2} = {FB3F2E0A-799D-4F3D-8C62-65A4F3A25B63}
		{63377F9E-0A6A-4ADB-9036-04C013A48B1A} = {FB3F2E0A-799D-4F3D-8C62-65A4F3A25B63}
		{45E66338-9DA1-4CDE-80C2-61940444A6E5} = {FB3F2E0A-799D-4F3D-8C62-65A4F3A25B63}
		{74BC0083-B82D-440A-99AA-7C9EA33C9E33} = {FB3F2E0A-799D-4F3D-8C62-65A4F3A25B63}
		{7DD4F01A-B482-4862-AEB5-C1853645DDE5} = {FB3F2E0A-799D-4F3D-8C62-65A4F3A25B63}
		{ADD6DA02-A6F7-461D-9ECA-9E917C2B1B0B} = {12765615-0C74-4CD6-92A1-F513B2519F33}
	EndGlobalSection
	GlobalSection(ExtensibilityGlobals) = postSolution
		SolutionGuid = {3F5F5B92-289F-4222-8C1E-8C746E6284EB}
	EndGlobalSection
EndGlobal
